
Microsoft Visual Studio Solution File, Format Version 12.00
# Visual Studio Version 16
VisualStudioVersion = 16.0.29326.143
MinimumVisualStudioVersion = 10.0.40219.1
Project("{FAE04EC0-301F-11D3-BF4B-00C04F79EFBC}") = "Zork", "Zork\Zork.csproj", "{2DDD635A-D11F-4276-A7E3-E8A35981388D}"
EndProject
Global
	GlobalSection(SolutionConfigurationPlatforms) = preSolution
		Debug|Any CPU = Debug|Any CPU
		Release|Any CPU = Release|Any CPU
	EndGlobalSection
	GlobalSection(ProjectConfigurationPlatforms) = postSolution
		{2DDD635A-D11F-4276-A7E3-E8A35981388D}.Debug|Any CPU.ActiveCfg = Debug|Any CPU
		{2DDD635A-D11F-4276-A7E3-E8A35981388D}.Debug|Any CPU.Build.0 = Debug|Any CPU
		{2DDD635A-D11F-4276-A7E3-E8A35981388D}.Release|Any CPU.ActiveCfg = Release|Any CPU
		{2DDD635A-D11F-4276-A7E3-E8A35981388D}.Release|Any CPU.Build.0 = Release|Any CPU
	EndGlobalSection
	GlobalSection(SolutionProperties) = preSolution
		HideSolutionNode = FALSE
	EndGlobalSection
	GlobalSection(ExtensibilityGlobals) = postSolution
		SolutionGuid = {08C71D3A-181C-4440-993C-31B157801000}
	EndGlobalSection
EndGlobal
